
Microsoft Visual Studio Solution File, Format Version 11.00
# Visual Studio 2010
Project("{FAE04EC0-301F-11D3-BF4B-00C04F79EFBC}") = "ODAF.Data", "Database\ODAF.Data\ODAF.Data.csproj", "{A810FF32-52FF-4047-B5DF-FDFA185A47EC}"
EndProject
Project("{FAE04EC0-301F-11D3-BF4B-00C04F79EFBC}") = "ODAF.Website.Mvc", "ODAF.Website\ODAF.Website.Mvc.csproj", "{46074C40-509F-4855-B863-BD636735331C}"
	ProjectSection(ProjectDependencies) = postProject
		{CF50D517-421F-46D4-84E1-DF6DBA57BBAD} = {CF50D517-421F-46D4-84E1-DF6DBA57BBAD}
		{78F635F2-1BB2-4DF4-9238-B5E8BFC03ED7} = {78F635F2-1BB2-4DF4-9238-B5E8BFC03ED7}
	EndProjectSection
EndProject
Project("{CC5FD16D-436D-48AD-A40C-5A424C6E3E79}") = "ODAF.Azure", "ODAF.Azure\ODAF.Azure.ccproj", "{E1048F80-B7C3-4378-8A8C-DC20B12CB636}"
EndProject
Project("{FAE04EC0-301F-11D3-BF4B-00C04F79EFBC}") = "OAuthLibrary", "Libraries\OAuthLibrary\OAuthLibrary.csproj", "{77048651-FFC2-4580-A8FC-7819D21C58CB}"
EndProject
Project("{FAE04EC0-301F-11D3-BF4B-00C04F79EFBC}") = "NUrl", "Libraries\NUrl\NUrl.csproj", "{C623BFCD-0655-49D5-B961-4935078186CF}"
EndProject
Project("{FAE04EC0-301F-11D3-BF4B-00C04F79EFBC}") = "ODAF.SilverlightApp", "ODAF.SilverlightApp\ODAF.SilverlightApp.csproj", "{CF50D517-421F-46D4-84E1-DF6DBA57BBAD}"
EndProject
Project("{FAE04EC0-301F-11D3-BF4B-00C04F79EFBC}") = "BitlyDotNET", "Libraries\BitlyDotNet\BitlyDotNET.csproj", "{78F635F2-1BB2-4DF4-9238-B5E8BFC03ED7}"
EndProject
Project("{FAE04EC0-301F-11D3-BF4B-00C04F79EFBC}") = "ODAF.WindowsPhone", "ODAF.WindowsPhone\ODAF.WindowsPhone.csproj", "{AF7BCB06-D550-4155-A6D3-24F6EDEAD9A7}"
EndProject
Project("{2150E333-8FDC-42A3-9474-1A3956D46DE8}") = "Dependencies", "Dependencies", "{6A1681EE-9295-4BD7-83CA-2BCF9641F42E}"
EndProject
Project("{FAE04EC0-301F-11D3-BF4B-00C04F79EFBC}") = "AzureDirectory", "Libraries\AzureDirectory\AzureDirectory\AzureDirectory.csproj", "{6D8758A7-F910-4BA0-B382-D535CA1FF958}"
EndProject
Project("{FAE04EC0-301F-11D3-BF4B-00C04F79EFBC}") = "ODAF.SearchIndexRole", "ODAF.SearchIndexRole\ODAF.SearchIndexRole.csproj", "{45BE09E7-6513-4388-A146-9F409202F98C}"
EndProject
Project("{FAE04EC0-301F-11D3-BF4B-00C04F79EFBC}") = "Net.SyntaxC4.RedBitSoftware.ODAF.Search", "Libraries\Net.SyntaxC4.RedBitSoftware.ODAF\Net.SyntaxC4.RedBitSoftware.ODAF.Search.csproj", "{8909DBD1-F459-4BFB-A9D3-10A040851826}"
EndProject
Project("{FAE04EC0-301F-11D3-BF4B-00C04F79EFBC}") = "Net.SyntaxC4.RedBitSoftware.ODAF.Search.Components", "Libraries\Net.SyntaxC4.RedBitSoftware.ODAF.Search.Components\Net.SyntaxC4.RedBitSoftware.ODAF.Search.Components.csproj", "{E2FDD650-FB65-46D2-A6C3-4E4992DCC332}"
EndProject
Project("{FAE04EC0-301F-11D3-BF4B-00C04F79EFBC}") = "CloudSettingsResolver", "CloudSettingsResolver\CloudSettingsResolver.csproj", "{0A2384DB-6FF1-47CF-8CC6-BDEBE79757F4}"
EndProject
Project("{FAE04EC0-301F-11D3-BF4B-00C04F79EFBC}") = "Dependencies", "Dependencies\Dependencies.csproj", "{60B4B563-3953-4FB7-9958-017D5DB6ED37}"
EndProject
Global
	GlobalSection(SolutionConfigurationPlatforms) = preSolution
		Debug|Any CPU = Debug|Any CPU
		Debug|Mixed Platforms = Debug|Mixed Platforms
		Debug|x86 = Debug|x86
		Release|Any CPU = Release|Any CPU
		Release|Mixed Platforms = Release|Mixed Platforms
		Release|x86 = Release|x86
	EndGlobalSection
	GlobalSection(ProjectConfigurationPlatforms) = postSolution
		{A810FF32-52FF-4047-B5DF-FDFA185A47EC}.Debug|Any CPU.ActiveCfg = Debug|Any CPU
		{A810FF32-52FF-4047-B5DF-FDFA185A47EC}.Debug|Any CPU.Build.0 = Debug|Any CPU
		{A810FF32-52FF-4047-B5DF-FDFA185A47EC}.Debug|Mixed Platforms.ActiveCfg = Debug|Any CPU
		{A810FF32-52FF-4047-B5DF-FDFA185A47EC}.Debug|Mixed Platforms.Build.0 = Debug|Any CPU
		{A810FF32-52FF-4047-B5DF-FDFA185A47EC}.Debug|x86.ActiveCfg = Debug|Any CPU
		{A810FF32-52FF-4047-B5DF-FDFA185A47EC}.Release|Any CPU.ActiveCfg = Release|Any CPU
		{A810FF32-52FF-4047-B5DF-FDFA185A47EC}.Release|Any CPU.Build.0 = Release|Any CPU
		{A810FF32-52FF-4047-B5DF-FDFA185A47EC}.Release|Mixed Platforms.ActiveCfg = Release|Any CPU
		{A810FF32-52FF-4047-B5DF-FDFA185A47EC}.Release|Mixed Platforms.Build.0 = Release|Any CPU
		{A810FF32-52FF-4047-B5DF-FDFA185A47EC}.Release|x86.ActiveCfg = Release|Any CPU
		{46074C40-509F-4855-B863-BD636735331C}.Debug|Any CPU.ActiveCfg = Debug|Any CPU
		{46074C40-509F-4855-B863-BD636735331C}.Debug|Any CPU.Build.0 = Debug|Any CPU
		{46074C40-509F-4855-B863-BD636735331C}.Debug|Mixed Platforms.ActiveCfg = Debug|Any CPU
		{46074C40-509F-4855-B863-BD636735331C}.Debug|Mixed Platforms.Build.0 = Debug|Any CPU
		{46074C40-509F-4855-B863-BD636735331C}.Debug|x86.ActiveCfg = Debug|Any CPU
		{46074C40-509F-4855-B863-BD636735331C}.Release|Any CPU.ActiveCfg = Release|Any CPU
		{46074C40-509F-4855-B863-BD636735331C}.Release|Any CPU.Build.0 = Release|Any CPU
		{46074C40-509F-4855-B863-BD636735331C}.Release|Mixed Platforms.ActiveCfg = Release|Any CPU
		{46074C40-509F-4855-B863-BD636735331C}.Release|Mixed Platforms.Build.0 = Release|Any CPU
		{46074C40-509F-4855-B863-BD636735331C}.Release|x86.ActiveCfg = Release|Any CPU
		{E1048F80-B7C3-4378-8A8C-DC20B12CB636}.Debug|Any CPU.ActiveCfg = Debug|Any CPU
		{E1048F80-B7C3-4378-8A8C-DC20B12CB636}.Debug|Any CPU.Build.0 = Debug|Any CPU
		{E1048F80-B7C3-4378-8A8C-DC20B12CB636}.Debug|Mixed Platforms.ActiveCfg = Debug|Any CPU
		{E1048F80-B7C3-4378-8A8C-DC20B12CB636}.Debug|Mixed Platforms.Build.0 = Debug|Any CPU
		{E1048F80-B7C3-4378-8A8C-DC20B12CB636}.Debug|x86.ActiveCfg = Debug|Any CPU
		{E1048F80-B7C3-4378-8A8C-DC20B12CB636}.Release|Any CPU.ActiveCfg = Release|Any CPU
		{E1048F80-B7C3-4378-8A8C-DC20B12CB636}.Release|Any CPU.Build.0 = Release|Any CPU
		{E1048F80-B7C3-4378-8A8C-DC20B12CB636}.Release|Mixed Platforms.ActiveCfg = Release|Any CPU
		{E1048F80-B7C3-4378-8A8C-DC20B12CB636}.Release|Mixed Platforms.Build.0 = Release|Any CPU
		{E1048F80-B7C3-4378-8A8C-DC20B12CB636}.Release|x86.ActiveCfg = Release|Any CPU
		{77048651-FFC2-4580-A8FC-7819D21C58CB}.Debug|Any CPU.ActiveCfg = Debug|Any CPU
		{77048651-FFC2-4580-A8FC-7819D21C58CB}.Debug|Any CPU.Build.0 = Debug|Any CPU
		{77048651-FFC2-4580-A8FC-7819D21C58CB}.Debug|Mixed Platforms.ActiveCfg = Debug|Any CPU
		{77048651-FFC2-4580-A8FC-7819D21C58CB}.Debug|Mixed Platforms.Build.0 = Debug|Any CPU
		{77048651-FFC2-4580-A8FC-7819D21C58CB}.Debug|x86.ActiveCfg = Debug|Any CPU
		{77048651-FFC2-4580-A8FC-7819D21C58CB}.Release|Any CPU.ActiveCfg = Release|Any CPU
		{77048651-FFC2-4580-A8FC-7819D21C58CB}.Release|Any CPU.Build.0 = Release|Any CPU
		{77048651-FFC2-4580-A8FC-7819D21C58CB}.Release|Mixed Platforms.ActiveCfg = Release|Any CPU
		{77048651-FFC2-4580-A8FC-7819D21C58CB}.Release|Mixed Platforms.Build.0 = Release|Any CPU
		{77048651-FFC2-4580-A8FC-7819D21C58CB}.Release|x86.ActiveCfg = Release|Any CPU
		{C623BFCD-0655-49D5-B961-4935078186CF}.Debug|Any CPU.ActiveCfg = Debug|Any CPU
		{C623BFCD-0655-49D5-B961-4935078186CF}.Debug|Any CPU.Build.0 = Debug|Any CPU
		{C623BFCD-0655-49D5-B961-4935078186CF}.Debug|Mixed Platforms.ActiveCfg = Debug|Any CPU
		{C623BFCD-0655-49D5-B961-4935078186CF}.Debug|Mixed Platforms.Build.0 = Debug|Any CPU
		{C623BFCD-0655-49D5-B961-4935078186CF}.Debug|x86.ActiveCfg = Debug|Any CPU
		{C623BFCD-0655-49D5-B961-4935078186CF}.Release|Any CPU.ActiveCfg = Release|Any CPU
		{C623BFCD-0655-49D5-B961-4935078186CF}.Release|Any CPU.Build.0 = Release|Any CPU
		{C623BFCD-0655-49D5-B961-4935078186CF}.Release|Mixed Platforms.ActiveCfg = Release|Any CPU
		{C623BFCD-0655-49D5-B961-4935078186CF}.Release|Mixed Platforms.Build.0 = Release|Any CPU
		{C623BFCD-0655-49D5-B961-4935078186CF}.Release|x86.ActiveCfg = Release|Any CPU
		{CF50D517-421F-46D4-84E1-DF6DBA57BBAD}.Debug|Any CPU.ActiveCfg = Debug|Any CPU
		{CF50D517-421F-46D4-84E1-DF6DBA57BBAD}.Debug|Any CPU.Build.0 = Debug|Any CPU
		{CF50D517-421F-46D4-84E1-DF6DBA57BBAD}.Debug|Mixed Platforms.ActiveCfg = Debug|Any CPU
		{CF50D517-421F-46D4-84E1-DF6DBA57BBAD}.Debug|Mixed Platforms.Build.0 = Debug|Any CPU
		{CF50D517-421F-46D4-84E1-DF6DBA57BBAD}.Debug|x86.ActiveCfg = Debug|Any CPU
		{CF50D517-421F-46D4-84E1-DF6DBA57BBAD}.Release|Any CPU.ActiveCfg = Release|Any CPU
		{CF50D517-421F-46D4-84E1-DF6DBA57BBAD}.Release|Any CPU.Build.0 = Release|Any CPU
		{CF50D517-421F-46D4-84E1-DF6DBA57BBAD}.Release|Mixed Platforms.ActiveCfg = Release|Any CPU
		{CF50D517-421F-46D4-84E1-DF6DBA57BBAD}.Release|Mixed Platforms.Build.0 = Release|Any CPU
		{CF50D517-421F-46D4-84E1-DF6DBA57BBAD}.Release|x86.ActiveCfg = Release|Any CPU
		{78F635F2-1BB2-4DF4-9238-B5E8BFC03ED7}.Debug|Any CPU.ActiveCfg = Debug|Any CPU
		{78F635F2-1BB2-4DF4-9238-B5E8BFC03ED7}.Debug|Any CPU.Build.0 = Debug|Any CPU
		{78F635F2-1BB2-4DF4-9238-B5E8BFC03ED7}.Debug|Mixed Platforms.ActiveCfg = Debug|Any CPU
		{78F635F2-1BB2-4DF4-9238-B5E8BFC03ED7}.Debug|Mixed Platforms.Build.0 = Debug|Any CPU
		{78F635F2-1BB2-4DF4-9238-B5E8BFC03ED7}.Debug|x86.ActiveCfg = Debug|Any CPU
		{78F635F2-1BB2-4DF4-9238-B5E8BFC03ED7}.Release|Any CPU.ActiveCfg = Release|Any CPU
		{78F635F2-1BB2-4DF4-9238-B5E8BFC03ED7}.Release|Any CPU.Build.0 = Release|Any CPU
		{78F635F2-1BB2-4DF4-9238-B5E8BFC03ED7}.Release|Mixed Platforms.ActiveCfg = Release|Any CPU
		{78F635F2-1BB2-4DF4-9238-B5E8BFC03ED7}.Release|Mixed Platforms.Build.0 = Release|Any CPU
		{78F635F2-1BB2-4DF4-9238-B5E8BFC03ED7}.Release|x86.ActiveCfg = Release|Any CPU
		{AF7BCB06-D550-4155-A6D3-24F6EDEAD9A7}.Debug|Any CPU.ActiveCfg = Debug|Any CPU
		{AF7BCB06-D550-4155-A6D3-24F6EDEAD9A7}.Debug|Any CPU.Build.0 = Debug|Any CPU
		{AF7BCB06-D550-4155-A6D3-24F6EDEAD9A7}.Debug|Any CPU.Deploy.0 = Debug|Any CPU
		{AF7BCB06-D550-4155-A6D3-24F6EDEAD9A7}.Debug|Mixed Platforms.ActiveCfg = Debug|Any CPU
		{AF7BCB06-D550-4155-A6D3-24F6EDEAD9A7}.Debug|x86.ActiveCfg = Debug|Any CPU
		{AF7BCB06-D550-4155-A6D3-24F6EDEAD9A7}.Release|Any CPU.ActiveCfg = Release|Any CPU
		{AF7BCB06-D550-4155-A6D3-24F6EDEAD9A7}.Release|Any CPU.Build.0 = Release|Any CPU
		{AF7BCB06-D550-4155-A6D3-24F6EDEAD9A7}.Release|Any CPU.Deploy.0 = Release|Any CPU
		{AF7BCB06-D550-4155-A6D3-24F6EDEAD9A7}.Release|Mixed Platforms.ActiveCfg = Release|Any CPU
		{AF7BCB06-D550-4155-A6D3-24F6EDEAD9A7}.Release|x86.ActiveCfg = Release|Any CPU
		{6D8758A7-F910-4BA0-B382-D535CA1FF958}.Debug|Any CPU.ActiveCfg = Debug|Any CPU
		{6D8758A7-F910-4BA0-B382-D535CA1FF958}.Debug|Any CPU.Build.0 = Debug|Any CPU
		{6D8758A7-F910-4BA0-B382-D535CA1FF958}.Debug|Mixed Platforms.ActiveCfg = Debug|Any CPU
		{6D8758A7-F910-4BA0-B382-D535CA1FF958}.Debug|Mixed Platforms.Build.0 = Debug|Any CPU
		{6D8758A7-F910-4BA0-B382-D535CA1FF958}.Debug|x86.ActiveCfg = Debug|Any CPU
		{6D8758A7-F910-4BA0-B382-D535CA1FF958}.Release|Any CPU.ActiveCfg = Release|Any CPU
		{6D8758A7-F910-4BA0-B382-D535CA1FF958}.Release|Any CPU.Build.0 = Release|Any CPU
		{6D8758A7-F910-4BA0-B382-D535CA1FF958}.Release|Mixed Platforms.ActiveCfg = Release|Any CPU
		{6D8758A7-F910-4BA0-B382-D535CA1FF958}.Release|Mixed Platforms.Build.0 = Release|Any CPU
		{6D8758A7-F910-4BA0-B382-D535CA1FF958}.Release|x86.ActiveCfg = Release|Any CPU
		{45BE09E7-6513-4388-A146-9F409202F98C}.Debug|Any CPU.ActiveCfg = Debug|Any CPU
		{45BE09E7-6513-4388-A146-9F409202F98C}.Debug|Any CPU.Build.0 = Debug|Any CPU
		{45BE09E7-6513-4388-A146-9F409202F98C}.Debug|Mixed Platforms.ActiveCfg = Debug|Any CPU
		{45BE09E7-6513-4388-A146-9F409202F98C}.Debug|Mixed Platforms.Build.0 = Debug|Any CPU
		{45BE09E7-6513-4388-A146-9F409202F98C}.Debug|x86.ActiveCfg = Debug|Any CPU
		{45BE09E7-6513-4388-A146-9F409202F98C}.Release|Any CPU.ActiveCfg = Release|Any CPU
		{45BE09E7-6513-4388-A146-9F409202F98C}.Release|Any CPU.Build.0 = Release|Any CPU
		{45BE09E7-6513-4388-A146-9F409202F98C}.Release|Mixed Platforms.ActiveCfg = Release|Any CPU
		{45BE09E7-6513-4388-A146-9F409202F98C}.Release|Mixed Platforms.Build.0 = Release|Any CPU
		{45BE09E7-6513-4388-A146-9F409202F98C}.Release|x86.ActiveCfg = Release|Any CPU
		{8909DBD1-F459-4BFB-A9D3-10A040851826}.Debug|Any CPU.ActiveCfg = Debug|Any CPU
		{8909DBD1-F459-4BFB-A9D3-10A040851826}.Debug|Any CPU.Build.0 = Debug|Any CPU
		{8909DBD1-F459-4BFB-A9D3-10A040851826}.Debug|Mixed Platforms.ActiveCfg = Debug|Any CPU
		{8909DBD1-F459-4BFB-A9D3-10A040851826}.Debug|Mixed Platforms.Build.0 = Debug|Any CPU
		{8909DBD1-F459-4BFB-A9D3-10A040851826}.Debug|x86.ActiveCfg = Debug|Any CPU
		{8909DBD1-F459-4BFB-A9D3-10A040851826}.Release|Any CPU.ActiveCfg = Release|Any CPU
		{8909DBD1-F459-4BFB-A9D3-10A040851826}.Release|Any CPU.Build.0 = Release|Any CPU
		{8909DBD1-F459-4BFB-A9D3-10A040851826}.Release|Mixed Platforms.ActiveCfg = Release|Any CPU
		{8909DBD1-F459-4BFB-A9D3-10A040851826}.Release|Mixed Platforms.Build.0 = Release|Any CPU
		{8909DBD1-F459-4BFB-A9D3-10A040851826}.Release|x86.ActiveCfg = Release|Any CPU
		{E2FDD650-FB65-46D2-A6C3-4E4992DCC332}.Debug|Any CPU.ActiveCfg = Debug|Any CPU
		{E2FDD650-FB65-46D2-A6C3-4E4992DCC332}.Debug|Any CPU.Build.0 = Debug|Any CPU
		{E2FDD650-FB65-46D2-A6C3-4E4992DCC332}.Debug|Mixed Platforms.ActiveCfg = Debug|Any CPU
		{E2FDD650-FB65-46D2-A6C3-4E4992DCC332}.Debug|Mixed Platforms.Build.0 = Debug|Any CPU
		{E2FDD650-FB65-46D2-A6C3-4E4992DCC332}.Debug|x86.ActiveCfg = Debug|Any CPU
		{E2FDD650-FB65-46D2-A6C3-4E4992DCC332}.Release|Any CPU.ActiveCfg = Release|Any CPU
		{E2FDD650-FB65-46D2-A6C3-4E4992DCC332}.Release|Any CPU.Build.0 = Release|Any CPU
		{E2FDD650-FB65-46D2-A6C3-4E4992DCC332}.Release|Mixed Platforms.ActiveCfg = Release|Any CPU
		{E2FDD650-FB65-46D2-A6C3-4E4992DCC332}.Release|Mixed Platforms.Build.0 = Release|Any CPU
		{E2FDD650-FB65-46D2-A6C3-4E4992DCC332}.Release|x86.ActiveCfg = Release|Any CPU
		{0A2384DB-6FF1-47CF-8CC6-BDEBE79757F4}.Debug|Any CPU.ActiveCfg = Debug|Any CPU
		{0A2384DB-6FF1-47CF-8CC6-BDEBE79757F4}.Debug|Any CPU.Build.0 = Debug|Any CPU
		{0A2384DB-6FF1-47CF-8CC6-BDEBE79757F4}.Debug|Mixed Platforms.ActiveCfg = Debug|Any CPU
		{0A2384DB-6FF1-47CF-8CC6-BDEBE79757F4}.Debug|Mixed Platforms.Build.0 = Debug|Any CPU
		{0A2384DB-6FF1-47CF-8CC6-BDEBE79757F4}.Debug|x86.ActiveCfg = Debug|Any CPU
		{0A2384DB-6FF1-47CF-8CC6-BDEBE79757F4}.Release|Any CPU.ActiveCfg = Release|Any CPU
		{0A2384DB-6FF1-47CF-8CC6-BDEBE79757F4}.Release|Any CPU.Build.0 = Release|Any CPU
		{0A2384DB-6FF1-47CF-8CC6-BDEBE79757F4}.Release|Mixed Platforms.ActiveCfg = Release|Any CPU
		{0A2384DB-6FF1-47CF-8CC6-BDEBE79757F4}.Release|Mixed Platforms.Build.0 = Release|Any CPU
		{0A2384DB-6FF1-47CF-8CC6-BDEBE79757F4}.Release|x86.ActiveCfg = Release|Any CPU
		{60B4B563-3953-4FB7-9958-017D5DB6ED37}.Debug|Any CPU.ActiveCfg = Debug|x86
		{60B4B563-3953-4FB7-9958-017D5DB6ED37}.Debug|Mixed Platforms.ActiveCfg = Debug|x86
		{60B4B563-3953-4FB7-9958-017D5DB6ED37}.Debug|Mixed Platforms.Build.0 = Debug|x86
		{60B4B563-3953-4FB7-9958-017D5DB6ED37}.Debug|x86.ActiveCfg = Debug|x86
		{60B4B563-3953-4FB7-9958-017D5DB6ED37}.Debug|x86.Build.0 = Debug|x86
		{60B4B563-3953-4FB7-9958-017D5DB6ED37}.Release|Any CPU.ActiveCfg = Release|x86
		{60B4B563-3953-4FB7-9958-017D5DB6ED37}.Release|Mixed Platforms.ActiveCfg = Release|x86
		{60B4B563-3953-4FB7-9958-017D5DB6ED37}.Release|Mixed Platforms.Build.0 = Release|x86
		{60B4B563-3953-4FB7-9958-017D5DB6ED37}.Release|x86.ActiveCfg = Release|x86
		{60B4B563-3953-4FB7-9958-017D5DB6ED37}.Release|x86.Build.0 = Release|x86
	EndGlobalSection
	GlobalSection(SolutionProperties) = preSolution
		HideSolutionNode = FALSE
	EndGlobalSection
	GlobalSection(NestedProjects) = preSolution
		{C623BFCD-0655-49D5-B961-4935078186CF} = {6A1681EE-9295-4BD7-83CA-2BCF9641F42E}
		{78F635F2-1BB2-4DF4-9238-B5E8BFC03ED7} = {6A1681EE-9295-4BD7-83CA-2BCF9641F42E}
		{77048651-FFC2-4580-A8FC-7819D21C58CB} = {6A1681EE-9295-4BD7-83CA-2BCF9641F42E}
		{6D8758A7-F910-4BA0-B382-D535CA1FF958} = {6A1681EE-9295-4BD7-83CA-2BCF9641F42E}
		{8909DBD1-F459-4BFB-A9D3-10A040851826} = {6A1681EE-9295-4BD7-83CA-2BCF9641F42E}
		{E2FDD650-FB65-46D2-A6C3-4E4992DCC332} = {6A1681EE-9295-4BD7-83CA-2BCF9641F42E}
		{0A2384DB-6FF1-47CF-8CC6-BDEBE79757F4} = {6A1681EE-9295-4BD7-83CA-2BCF9641F42E}
		{60B4B563-3953-4FB7-9958-017D5DB6ED37} = {6A1681EE-9295-4BD7-83CA-2BCF9641F42E}
	EndGlobalSection
EndGlobal
